{
  "version": 4,
  "terraform_version": "1.12.1",
  "serial": 82,
  "lineage": "c81c0bc5-8d7f-b415-5195-1b04c4ed945d",
  "outputs": {},
  "resources": [
    {
      "mode": "managed",
      "type": "azurerm_resource_group",
      "name": "hub_spoke_rg",
      "provider": "provider[\"registry.terraform.io/hashicorp/azurerm\"]",
      "instances": [
        {
          "schema_version": 0,
          "attributes": {
            "id": "/subscriptions/11fae606-7310-4eda-9223-b28e981ae28c/resourceGroups/rg-hubspoke-terraform",
            "location": "centralindia",
            "managed_by": "",
            "name": "rg-hubspoke-terraform",
            "tags": {},
            "timeouts": null
          },
          "sensitive_attributes": [],
          "identity_schema_version": 0,
          "identity": {
            "name": "rg-hubspoke-terraform",
            "subscription_id": "11fae606-7310-4eda-9223-b28e981ae28c"
          },
          "private": "eyJlMmJmYjczMC1lY2FhLTExZTYtOGY4OC0zNDM2M2JjN2M0YzAiOnsiY3JlYXRlIjo1NDAwMDAwMDAwMDAwLCJkZWxldGUiOjU0MDAwMDAwMDAwMDAsInJlYWQiOjMwMDAwMDAwMDAwMCwidXBkYXRlIjo1NDAwMDAwMDAwMDAwfX0="
        }
      ]
    },
    {
      "mode": "managed",
      "type": "azurerm_virtual_network",
      "name": "vnets",
      "provider": "provider[\"registry.terraform.io/hashicorp/azurerm\"]",
      "instances": [
        {
          "index_key": "hub",
          "schema_version": 0,
          "attributes": {
            "address_space": [
              "10.100.0.0/16"
            ],
            "bgp_community": "",
            "ddos_protection_plan": [],
            "dns_servers": [],
            "edge_zone": "",
            "encryption": [],
            "flow_timeout_in_minutes": 0,
            "guid": "0875404f-b135-48b8-a84c-d135f2fb41c0",
            "id": "/subscriptions/11fae606-7310-4eda-9223-b28e981ae28c/resourceGroups/rg-hubspoke-terraform/providers/Microsoft.Network/virtualNetworks/vnet-hub",
            "ip_address_pool": [],
            "location": "centralindia",
            "name": "vnet-hub",
            "private_endpoint_vnet_policies": "Disabled",
            "resource_group_name": "rg-hubspoke-terraform",
            "subnet": [
              {
                "address_prefixes": [
                  "10.100.1.0/24"
                ],
                "default_outbound_access_enabled": true,
                "delegation": [],
                "id": "/subscriptions/11fae606-7310-4eda-9223-b28e981ae28c/resourceGroups/rg-hubspoke-terraform/providers/Microsoft.Network/virtualNetworks/vnet-hub/subnets/snet-hub-mgmt",
                "name": "snet-hub-mgmt",
                "private_endpoint_network_policies": "Disabled",
                "private_link_service_network_policies_enabled": true,
                "route_table_id": "",
                "security_group": "",
                "service_endpoint_policy_ids": [],
                "service_endpoints": []
              },
              {
                "address_prefixes": [
                  "10.100.2.0/24"
                ],
                "default_outbound_access_enabled": true,
                "delegation": [
                  {
                    "name": "fs",
                    "service_delegation": [
                      {
                        "actions": [
                          "Microsoft.Network/virtualNetworks/subnets/join/action"
                        ],
                        "name": "Microsoft.DBforPostgreSQL/flexibleServers"
                      }
                    ]
                  }
                ],
                "id": "/subscriptions/11fae606-7310-4eda-9223-b28e981ae28c/resourceGroups/rg-hubspoke-terraform/providers/Microsoft.Network/virtualNetworks/vnet-hub/subnets/snet-db",
                "name": "snet-db",
                "private_endpoint_network_policies": "Disabled",
                "private_link_service_network_policies_enabled": true,
                "route_table_id": "",
                "security_group": "",
                "service_endpoint_policy_ids": [],
                "service_endpoints": []
              }
            ],
            "tags": {},
            "timeouts": null
          },
          "sensitive_attributes": [],
          "identity_schema_version": 0,
          "identity": {
            "name": "vnet-hub",
            "resource_group_name": "rg-hubspoke-terraform",
            "subscription_id": "11fae606-7310-4eda-9223-b28e981ae28c"
          },
          "private": "eyJlMmJmYjczMC1lY2FhLTExZTYtOGY4OC0zNDM2M2JjN2M0YzAiOnsiY3JlYXRlIjoxODAwMDAwMDAwMDAwLCJkZWxldGUiOjE4MDAwMDAwMDAwMDAsInJlYWQiOjMwMDAwMDAwMDAwMCwidXBkYXRlIjoxODAwMDAwMDAwMDAwfX0=",
          "dependencies": [
            "azurerm_resource_group.hub_spoke_rg"
          ]
        },
        {
          "index_key": "spoke",
          "schema_version": 0,
          "attributes": {
            "address_space": [
              "10.50.0.0/16"
            ],
            "bgp_community": "",
            "ddos_protection_plan": [],
            "dns_servers": [],
            "edge_zone": "",
            "encryption": [],
            "flow_timeout_in_minutes": 0,
            "guid": "640d1247-fdbc-411d-a8f3-84201ed3cbea",
            "id": "/subscriptions/11fae606-7310-4eda-9223-b28e981ae28c/resourceGroups/rg-hubspoke-terraform/providers/Microsoft.Network/virtualNetworks/vnet-spoke",
            "ip_address_pool": [],
            "location": "centralindia",
            "name": "vnet-spoke",
            "private_endpoint_vnet_policies": "Disabled",
            "resource_group_name": "rg-hubspoke-terraform",
            "subnet": [
              {
                "address_prefixes": [
                  "10.50.1.0/24"
                ],
                "default_outbound_access_enabled": true,
                "delegation": [],
                "id": "/subscriptions/11fae606-7310-4eda-9223-b28e981ae28c/resourceGroups/rg-hubspoke-terraform/providers/Microsoft.Network/virtualNetworks/vnet-spoke/subnets/snet-spoke-workload",
                "name": "snet-spoke-workload",
                "private_endpoint_network_policies": "Disabled",
                "private_link_service_network_policies_enabled": true,
                "route_table_id": "/subscriptions/11fae606-7310-4eda-9223-b28e981ae28c/resourceGroups/rg-hubspoke-terraform/providers/Microsoft.Network/routeTables/rt-spoke-to-hub",
                "security_group": "",
                "service_endpoint_policy_ids": [],
                "service_endpoints": []
              },
              {
                "address_prefixes": [
                  "10.50.2.0/24"
                ],
                "default_outbound_access_enabled": true,
                "delegation": [
                  {
                    "name": "app-delegation",
                    "service_delegation": [
                      {
                        "actions": [
                          "Microsoft.Network/virtualNetworks/subnets/action"
                        ],
                        "name": "Microsoft.Web/serverFarms"
                      }
                    ]
                  }
                ],
                "id": "/subscriptions/11fae606-7310-4eda-9223-b28e981ae28c/resourceGroups/rg-hubspoke-terraform/providers/Microsoft.Network/virtualNetworks/vnet-spoke/subnets/snet-spoke-app-int",
                "name": "snet-spoke-app-int",
                "private_endpoint_network_policies": "Disabled",
                "private_link_service_network_policies_enabled": true,
                "route_table_id": "/subscriptions/11fae606-7310-4eda-9223-b28e981ae28c/resourceGroups/rg-hubspoke-terraform/providers/Microsoft.Network/routeTables/rt-spoke-to-hub",
                "security_group": "",
                "service_endpoint_policy_ids": [],
                "service_endpoints": []
              }
            ],
            "tags": {},
            "timeouts": null
          },
          "sensitive_attributes": [],
          "identity_schema_version": 0,
          "identity": {
            "name": "vnet-spoke",
            "resource_group_name": "rg-hubspoke-terraform",
            "subscription_id": "11fae606-7310-4eda-9223-b28e981ae28c"
          },
          "private": "eyJlMmJmYjczMC1lY2FhLTExZTYtOGY4OC0zNDM2M2JjN2M0YzAiOnsiY3JlYXRlIjoxODAwMDAwMDAwMDAwLCJkZWxldGUiOjE4MDAwMDAwMDAwMDAsInJlYWQiOjMwMDAwMDAwMDAwMCwidXBkYXRlIjoxODAwMDAwMDAwMDAwfX0=",
          "dependencies": [
            "azurerm_resource_group.hub_spoke_rg"
          ]
        }
      ]
    }
  ],
  "check_results": null
}
